
Microsoft Visual Studio Solution File, Format Version 12.00
# Visual Studio 2012
Project("{FAE04EC0-301F-11D3-BF4B-00C04F79EFBC}") = "RC", "RC\RC.csproj", "{4C182F94-80D3-4D57-AB0F-85442E2F515B}"
EndProject
Global
	GlobalSection(SolutionConfigurationPlatforms) = preSolution
		Debug|Any CPU = Debug|Any CPU
		Release|Any CPU = Release|Any CPU
	EndGlobalSection
	GlobalSection(ProjectConfigurationPlatforms) = postSolution
		{4C182F94-80D3-4D57-AB0F-85442E2F515B}.Debug|Any CPU.ActiveCfg = Debug|Any CPU
		{4C182F94-80D3-4D57-AB0F-85442E2F515B}.Debug|Any CPU.Build.0 = Debug|Any CPU
		{4C182F94-80D3-4D57-AB0F-85442E2F515B}.Release|Any CPU.ActiveCfg = Release|Any CPU
		{4C182F94-80D3-4D57-AB0F-85442E2F515B}.Release|Any CPU.Build.0 = Release|Any CPU
	EndGlobalSection
	GlobalSection(SolutionProperties) = preSolution
		HideSolutionNode = FALSE
	EndGlobalSection
EndGlobal
